
Microsoft Visual Studio Solution File, Format Version 12.00
# Visual Studio Version 16
VisualStudioVersion = 16.0.31005.135
MinimumVisualStudioVersion = 10.0.40219.1
Project("{8BC9CEB8-8B4A-11D0-8D11-00A0C91BC942}") = "TaskO", "TaskO\TaskO.vcxproj", "{C1DA5CE3-CAD5-4C77-8B84-D64709F410A6}"
EndProject
Global
	GlobalSection(SolutionConfigurationPlatforms) = preSolution
		Debug|x64 = Debug|x64
		Debug|x86 = Debug|x86
		Release|x64 = Release|x64
		Release|x86 = Release|x86
	EndGlobalSection
	GlobalSection(ProjectConfigurationPlatforms) = postSolution
		{C1DA5CE3-CAD5-4C77-8B84-D64709F410A6}.Debug|x64.ActiveCfg = Debug|x64
		{C1DA5CE3-CAD5-4C77-8B84-D64709F410A6}.Debug|x64.Build.0 = Debug|x64
		{C1DA5CE3-CAD5-4C77-8B84-D64709F410A6}.Debug|x86.ActiveCfg = Debug|Win32
		{C1DA5CE3-CAD5-4C77-8B84-D64709F410A6}.Debug|x86.Build.0 = Debug|Win32
		{C1DA5CE3-CAD5-4C77-8B84-D64709F410A6}.Release|x64.ActiveCfg = Release|x64
		{C1DA5CE3-CAD5-4C77-8B84-D64709F410A6}.Release|x64.Build.0 = Release|x64
		{C1DA5CE3-CAD5-4C77-8B84-D64709F410A6}.Release|x86.ActiveCfg = Release|Win32
		{C1DA5CE3-CAD5-4C77-8B84-D64709F410A6}.Release|x86.Build.0 = Release|Win32
	EndGlobalSection
	GlobalSection(SolutionProperties) = preSolution
		HideSolutionNode = FALSE
	EndGlobalSection
	GlobalSection(ExtensibilityGlobals) = postSolution
		SolutionGuid = {54741A2B-AAC7-4C69-81C1-0C944AB6CF5F}
	EndGlobalSection
EndGlobal
